
Microsoft Visual Studio Solution File, Format Version 12.00
# Visual Studio Version 16
VisualStudioVersion = 16.0.31702.278
MinimumVisualStudioVersion = 10.0.40219.1
Project("{FAE04EC0-301F-11D3-BF4B-00C04F79EFBC}") = "ChatClient", "ChatApp\ChatClient.csproj", "{A16F547F-F8E0-4F6C-AEE4-AA071E902C05}"
EndProject
Project("{FAE04EC0-301F-11D3-BF4B-00C04F79EFBC}") = "ChatServer", "ChatServer\ChatServer.csproj", "{603B97A1-B950-4234-96B7-44D8DFAD6F7E}"
EndProject
Global
	GlobalSection(SolutionConfigurationPlatforms) = preSolution
		Debug|Any CPU = Debug|Any CPU
		Release|Any CPU = Release|Any CPU
	EndGlobalSection
	GlobalSection(ProjectConfigurationPlatforms) = postSolution
		{A16F547F-F8E0-4F6C-AEE4-AA071E902C05}.Debug|Any CPU.ActiveCfg = Debug|Any CPU
		{A16F547F-F8E0-4F6C-AEE4-AA071E902C05}.Debug|Any CPU.Build.0 = Debug|Any CPU
		{A16F547F-F8E0-4F6C-AEE4-AA071E902C05}.Release|Any CPU.ActiveCfg = Release|Any CPU
		{A16F547F-F8E0-4F6C-AEE4-AA071E902C05}.Release|Any CPU.Build.0 = Release|Any CPU
		{603B97A1-B950-4234-96B7-44D8DFAD6F7E}.Debug|Any CPU.ActiveCfg = Debug|Any CPU
		{603B97A1-B950-4234-96B7-44D8DFAD6F7E}.Debug|Any CPU.Build.0 = Debug|Any CPU
		{603B97A1-B950-4234-96B7-44D8DFAD6F7E}.Release|Any CPU.ActiveCfg = Release|Any CPU
		{603B97A1-B950-4234-96B7-44D8DFAD6F7E}.Release|Any CPU.Build.0 = Release|Any CPU
	EndGlobalSection
	GlobalSection(SolutionProperties) = preSolution
		HideSolutionNode = FALSE
	EndGlobalSection
	GlobalSection(ExtensibilityGlobals) = postSolution
		SolutionGuid = {0E6FE685-6590-4EB5-8257-5F5EC12FFCB5}
	EndGlobalSection
EndGlobal
